<?xml version="1.0" encoding="utf-8"?>
<Project ToolsVersion="4.0" xmlns="http://schemas.microsoft.com/developer/msbuild/2003">
  <ItemGroup>
    <Filter Include="源文件">
      <UniqueIdentifier>{4FC737F1-C7A5-4376-A066-2A32D752A2FF}</UniqueIdentifier>
      <Extensions>cpp;c;cc;cxx;c++;cppm;ixx;def;odl;idl;hpj;bat;asm;asmx</Extensions>
    </Filter>
    <Filter Include="头文件">
      <UniqueIdentifier>{93995380-89BD-4b04-88EB-625FBE52EBFB}</UniqueIdentifier>
      <Extensions>h;hh;hpp;hxx;h++;hm;inl;inc;ipp;xsd</Extensions>
    </Filter>
    <Filter Include="资源文件">
      <UniqueIdentifier>{67DA6AB6-F800-4c08-8B7A-83BB121AAD01}</UniqueIdentifier>
      <Extensions>rc;ico;cur;bmp;dlg;rc2;rct;bin;rgs;gif;jpg;jpeg;jpe;resx;tiff;tif;png;wav;mfcribbon-ms</Extensions>
    </Filter>
    <Filter Include="源文件\Menu">
      <UniqueIdentifier>{b44f6e1d-7824-4090-9a7d-ad56b5203275}</UniqueIdentifier>
    </Filter>
    <Filter Include="源文件\Midi">
      <UniqueIdentifier>{4ddf6b7f-4510-4e8b-8e4c-77438bdd2615}</UniqueIdentifier>
    </Filter>
    <Filter Include="源文件\game">
      <UniqueIdentifier>{2aba7a5f-caba-4903-8456-d8679c819e94}</UniqueIdentifier>
    </Filter>
    <Filter Include="源文件\Record">
      <UniqueIdentifier>{7189b27e-fee9-45be-9ebe-345c4f038974}</UniqueIdentifier>
    </Filter>
  </ItemGroup>
  <ItemGroup>
    <ClCompile Include="Main.cpp">
      <Filter>源文件</Filter>
    </ClCompile>
    <ClCompile Include="Menu.cpp">
      <Filter>源文件\Menu</Filter>
    </ClCompile>
    <ClCompile Include="Midi.cpp">
      <Filter>源文件\Midi</Filter>
    </ClCompile>
    <ClCompile Include="TimbreMenu.cpp">
      <Filter>源文件\Menu</Filter>
    </ClCompile>
    <ClCompile Include="VolumeMenu.cpp">
      <Filter>源文件\Menu</Filter>
    </ClCompile>
    <ClCompile Include="ModeMenu.cpp">
      <Filter>源文件\Menu</Filter>
    </ClCompile>
    <ClCompile Include="MidiConfig.cpp">
      <Filter>源文件\Midi</Filter>
    </ClCompile>
    <ClCompile Include="Recording.cpp">
      <Filter>源文件\Record</Filter>
    </ClCompile>
    <ClCompile Include="game.cpp">
      <Filter>源文件\game</Filter>
    </ClCompile>
    <ClCompile Include="Logger.cpp">
      <Filter>源文件</Filter>
    </ClCompile>
    <ClCompile Include="TickMenu.cpp">
      <Filter>源文件\Menu</Filter>
    </ClCompile>
    <ClCompile Include="AnalogKeyInput.cpp">
      <Filter>源文件</Filter>
    </ClCompile>
  </ItemGroup>
  <ItemGroup>
    <ClInclude Include="Midi.h">
      <Filter>头文件</Filter>
    </ClInclude>
    <ClInclude Include="Menu.h">
      <Filter>头文件</Filter>
    </ClInclude>
    <ClInclude Include="TimbreMenu.h">
      <Filter>头文件</Filter>
    </ClInclude>
    <ClInclude Include="VolumeMenu.h">
      <Filter>头文件</Filter>
    </ClInclude>
    <ClInclude Include="ModeMenu.h">
      <Filter>头文件</Filter>
    </ClInclude>
    <ClInclude Include="MidiConfig.h">
      <Filter>头文件</Filter>
    </ClInclude>
    <ClInclude Include="Recording.h">
      <Filter>头文件</Filter>
    </ClInclude>
    <ClInclude Include="resource.h">
      <Filter>头文件</Filter>
    </ClInclude>
    <ClInclude Include="game.h">
      <Filter>头文件</Filter>
    </ClInclude>
    <ClInclude Include="Logger.h">
      <Filter>头文件</Filter>
    </ClInclude>
    <ClInclude Include="TickMenu.h">
      <Filter>头文件</Filter>
    </ClInclude>
    <ClInclude Include="AnalogKeyInput.h">
      <Filter>头文件</Filter>
    </ClInclude>
  </ItemGroup>
  <ItemGroup>
    <Text Include="timbre.txt">
      <Filter>资源文件</Filter>
    </Text>
    <Text Include="音色频率对应表.txt">
      <Filter>资源文件</Filter>
    </Text>
    <Text Include="config.txt">
      <Filter>资源文件</Filter>
    </Text>
  </ItemGroup>
  <ItemGroup>
    <None Include="MIDIConsole2.exe">
      <Filter>源文件</Filter>
    </None>
    <None Include="text2.bin">
      <Filter>资源文件</Filter>
    </None>
  </ItemGroup>
  <ItemGroup>
    <Image Include="icon.ico">
      <Filter>资源文件</Filter>
    </Image>
  </ItemGroup>
  <ItemGroup>
    <ResourceCompile Include="MIDIConsole2.rc">
      <Filter>资源文件</Filter>
    </ResourceCompile>
  </ItemGroup>
  <ItemGroup>
    <EmbeddedResource Include="timbre.resx">
      <Filter>资源文件</Filter>
    </EmbeddedResource>
  </ItemGroup>
</Project>